
Microsoft Visual Studio Solution File, Format Version 12.00
# Visual Studio Version 16
VisualStudioVersion = 16.0.32106.194
MinimumVisualStudioVersion = 10.0.40219.1
Project("{FAE04EC0-301F-11D3-BF4B-00C04F79EFBC}") = "TestApp", "TestApp.csproj", "{66F14F87-B826-46AF-8B6C-3041F1C59583}"
EndProject
Global
	GlobalSection(SolutionConfigurationPlatforms) = preSolution
		Debug|Any CPU = Debug|Any CPU
		Release|Any CPU = Release|Any CPU
	EndGlobalSection
	GlobalSection(ProjectConfigurationPlatforms) = postSolution
		{66F14F87-B826-46AF-8B6C-3041F1C59583}.Debug|Any CPU.ActiveCfg = Debug|Any CPU
		{66F14F87-B826-46AF-8B6C-3041F1C59583}.Debug|Any CPU.Build.0 = Debug|Any CPU
		{66F14F87-B826-46AF-8B6C-3041F1C59583}.Release|Any CPU.ActiveCfg = Release|Any CPU
		{66F14F87-B826-46AF-8B6C-3041F1C59583}.Release|Any CPU.Build.0 = Release|Any CPU
	EndGlobalSection
	GlobalSection(SolutionProperties) = preSolution
		HideSolutionNode = FALSE
	EndGlobalSection
	GlobalSection(ExtensibilityGlobals) = postSolution
		SolutionGuid = {CDBF260A-AD04-4F9A-AFA9-B9641ED6A8EC}
	EndGlobalSection
EndGlobal
